
Microsoft Visual Studio Solution File, Format Version 12.00
# Visual Studio Version 17
Project("{8BC9CEB8-8B4A-11D0-8D11-00A0C91BC942}") = "Math", "Temp\Math.vcxproj", "{AFF4887C-9B2B-8A0D-4418-7010302E060F}"
EndProject
Project("{8BC9CEB8-8B4A-11D0-8D11-00A0C91BC942}") = "Utility", "Temp\Utility.vcxproj", "{594615A9-C525-9444-CE3D-1F1B3A9CFAA5}"
EndProject
Global
	GlobalSection(SolutionConfigurationPlatforms) = preSolution
		Debug|x64 = Debug|x64
		Release|x64 = Release|x64
	EndGlobalSection
	GlobalSection(ProjectConfigurationPlatforms) = postSolution
		{AFF4887C-9B2B-8A0D-4418-7010302E060F}.Debug|x64.ActiveCfg = Debug|x64
		{AFF4887C-9B2B-8A0D-4418-7010302E060F}.Debug|x64.Build.0 = Debug|x64
		{AFF4887C-9B2B-8A0D-4418-7010302E060F}.Release|x64.ActiveCfg = Release|x64
		{AFF4887C-9B2B-8A0D-4418-7010302E060F}.Release|x64.Build.0 = Release|x64
		{594615A9-C525-9444-CE3D-1F1B3A9CFAA5}.Debug|x64.ActiveCfg = Debug|x64
		{594615A9-C525-9444-CE3D-1F1B3A9CFAA5}.Debug|x64.Build.0 = Debug|x64
		{594615A9-C525-9444-CE3D-1F1B3A9CFAA5}.Release|x64.ActiveCfg = Release|x64
		{594615A9-C525-9444-CE3D-1F1B3A9CFAA5}.Release|x64.Build.0 = Release|x64
	EndGlobalSection
	GlobalSection(SolutionProperties) = preSolution
		HideSolutionNode = FALSE
	EndGlobalSection
EndGlobal
